
Microsoft Visual Studio Solution File, Format Version 12.00
# Visual Studio Version 17
VisualStudioVersion = 17.3.32721.290
MinimumVisualStudioVersion = 10.0.40219.1
Project("{9A19103F-16F7-4668-BE54-9A1E7A4F7556}") = "GoogleAutoCompleteDemo.Server", "GoogleAutoCompleteDemo\Server\GoogleAutoCompleteDemo.Server.csproj", "{EF203C17-B2B5-4A6C-8A1C-110B775DBAD3}"
EndProject
Project("{9A19103F-16F7-4668-BE54-9A1E7A4F7556}") = "GoogleAutoCompleteDemo.Client", "GoogleAutoCompleteDemo\Client\GoogleAutoCompleteDemo.Client.csproj", "{CDBA5815-1096-426A-8A8C-BA5EC365A2B5}"
EndProject
Project("{9A19103F-16F7-4668-BE54-9A1E7A4F7556}") = "GoogleAutoCompleteDemo.Shared", "GoogleAutoCompleteDemo\Shared\GoogleAutoCompleteDemo.Shared.csproj", "{A53728B7-7394-421A-A6B9-CA170636A90F}"
EndProject
Global
	GlobalSection(SolutionConfigurationPlatforms) = preSolution
		Debug|Any CPU = Debug|Any CPU
		Release|Any CPU = Release|Any CPU
	EndGlobalSection
	GlobalSection(ProjectConfigurationPlatforms) = postSolution
		{EF203C17-B2B5-4A6C-8A1C-110B775DBAD3}.Debug|Any CPU.ActiveCfg = Debug|Any CPU
		{EF203C17-B2B5-4A6C-8A1C-110B775DBAD3}.Debug|Any CPU.Build.0 = Debug|Any CPU
		{EF203C17-B2B5-4A6C-8A1C-110B775DBAD3}.Release|Any CPU.ActiveCfg = Release|Any CPU
		{EF203C17-B2B5-4A6C-8A1C-110B775DBAD3}.Release|Any CPU.Build.0 = Release|Any CPU
		{CDBA5815-1096-426A-8A8C-BA5EC365A2B5}.Debug|Any CPU.ActiveCfg = Debug|Any CPU
		{CDBA5815-1096-426A-8A8C-BA5EC365A2B5}.Debug|Any CPU.Build.0 = Debug|Any CPU
		{CDBA5815-1096-426A-8A8C-BA5EC365A2B5}.Release|Any CPU.ActiveCfg = Release|Any CPU
		{CDBA5815-1096-426A-8A8C-BA5EC365A2B5}.Release|Any CPU.Build.0 = Release|Any CPU
		{A53728B7-7394-421A-A6B9-CA170636A90F}.Debug|Any CPU.ActiveCfg = Debug|Any CPU
		{A53728B7-7394-421A-A6B9-CA170636A90F}.Debug|Any CPU.Build.0 = Debug|Any CPU
		{A53728B7-7394-421A-A6B9-CA170636A90F}.Release|Any CPU.ActiveCfg = Release|Any CPU
		{A53728B7-7394-421A-A6B9-CA170636A90F}.Release|Any CPU.Build.0 = Release|Any CPU
	EndGlobalSection
	GlobalSection(SolutionProperties) = preSolution
		HideSolutionNode = FALSE
	EndGlobalSection
	GlobalSection(ExtensibilityGlobals) = postSolution
		SolutionGuid = {81308E26-468E-43B7-A668-0E91B2A0E0F4}
	EndGlobalSection
EndGlobal
